// !$*UTF8*$!
{
	archiveVersion = 1;
	classes = {
	};
	objectVersion = 56;
	objects = {

/* Begin PBXBuildFile section */
		4E2F5AAE2A277C9F0083610C /* ANMoodSelector.swift in Sources */ = {isa = PBXBuildFile; fileRef = 4E2F5AAD2A277C9F0083610C /* ANMoodSelector.swift */; };
		4E41F5CE2A26F0A1003C0A25 /* Activity+CoreDataClass.swift in Sources */ = {isa = PBXBuildFile; fileRef = 4E41F5BC2A26F0A1003C0A25 /* Activity+CoreDataClass.swift */; };
		4E41F5CF2A26F0A1003C0A25 /* Activity+CoreDataProperties.swift in Sources */ = {isa = PBXBuildFile; fileRef = 4E41F5BD2A26F0A1003C0A25 /* Activity+CoreDataProperties.swift */; };
		4E41F5D02A26F0A1003C0A25 /* OtherActivity+CoreDataClass.swift in Sources */ = {isa = PBXBuildFile; fileRef = 4E41F5BE2A26F0A1003C0A25 /* OtherActivity+CoreDataClass.swift */; };
		4E41F5D12A26F0A1003C0A25 /* OtherActivity+CoreDataProperties.swift in Sources */ = {isa = PBXBuildFile; fileRef = 4E41F5BF2A26F0A1003C0A25 /* OtherActivity+CoreDataProperties.swift */; };
		4E41F5D22A26F0A1003C0A25 /* Reminder+CoreDataClass.swift in Sources */ = {isa = PBXBuildFile; fileRef = 4E41F5C02A26F0A1003C0A25 /* Reminder+CoreDataClass.swift */; };
		4E41F5D32A26F0A1003C0A25 /* Reminder+CoreDataProperties.swift in Sources */ = {isa = PBXBuildFile; fileRef = 4E41F5C12A26F0A1003C0A25 /* Reminder+CoreDataProperties.swift */; };
		4E41F5D42A26F0A1003C0A25 /* Tag+CoreDataClass.swift in Sources */ = {isa = PBXBuildFile; fileRef = 4E41F5C22A26F0A1003C0A25 /* Tag+CoreDataClass.swift */; };
		4E41F5D52A26F0A1003C0A25 /* Tag+CoreDataProperties.swift in Sources */ = {isa = PBXBuildFile; fileRef = 4E41F5C32A26F0A1003C0A25 /* Tag+CoreDataProperties.swift */; };
		4E41F5D62A26F0A1003C0A25 /* ExerciseActivity+CoreDataClass.swift in Sources */ = {isa = PBXBuildFile; fileRef = 4E41F5C42A26F0A1003C0A25 /* ExerciseActivity+CoreDataClass.swift */; };
		4E41F5D72A26F0A1003C0A25 /* ExerciseActivity+CoreDataProperties.swift in Sources */ = {isa = PBXBuildFile; fileRef = 4E41F5C52A26F0A1003C0A25 /* ExerciseActivity+CoreDataProperties.swift */; };
		4E41F5D82A26F0A1003C0A25 /* NutritionActivity+CoreDataClass.swift in Sources */ = {isa = PBXBuildFile; fileRef = 4E41F5C62A26F0A1003C0A25 /* NutritionActivity+CoreDataClass.swift */; };
		4E41F5D92A26F0A1003C0A25 /* NutritionActivity+CoreDataProperties.swift in Sources */ = {isa = PBXBuildFile; fileRef = 4E41F5C72A26F0A1003C0A25 /* NutritionActivity+CoreDataProperties.swift */; };
		4E41F5DA2A26F0A1003C0A25 /* GroomingActivity+CoreDataClass.swift in Sources */ = {isa = PBXBuildFile; fileRef = 4E41F5C82A26F0A1003C0A25 /* GroomingActivity+CoreDataClass.swift */; };
		4E41F5DB2A26F0A1003C0A25 /* GroomingActivity+CoreDataProperties.swift in Sources */ = {isa = PBXBuildFile; fileRef = 4E41F5C92A26F0A1003C0A25 /* GroomingActivity+CoreDataProperties.swift */; };
		4E41F5DC2A26F0A1003C0A25 /* Weekday+CoreDataClass.swift in Sources */ = {isa = PBXBuildFile; fileRef = 4E41F5CA2A26F0A1003C0A25 /* Weekday+CoreDataClass.swift */; };
		4E41F5DD2A26F0A1003C0A25 /* Weekday+CoreDataProperties.swift in Sources */ = {isa = PBXBuildFile; fileRef = 4E41F5CB2A26F0A1003C0A25 /* Weekday+CoreDataProperties.swift */; };
		4E41F5DE2A26F0A1003C0A25 /* MedicationActivity+CoreDataClass.swift in Sources */ = {isa = PBXBuildFile; fileRef = 4E41F5CC2A26F0A1003C0A25 /* MedicationActivity+CoreDataClass.swift */; };
		4E41F5DF2A26F0A1003C0A25 /* MedicationActivity+CoreDataProperties.swift in Sources */ = {isa = PBXBuildFile; fileRef = 4E41F5CD2A26F0A1003C0A25 /* MedicationActivity+CoreDataProperties.swift */; };
		4E4ADAB72A2B57910069C167 /* ANTag.swift in Sources */ = {isa = PBXBuildFile; fileRef = 4E4ADAB62A2B57910069C167 /* ANTag.swift */; };
		4E5AC20F2A2C8E0000090ED5 /* ANCard.swift in Sources */ = {isa = PBXBuildFile; fileRef = 4E5AC20E2A2C8E0000090ED5 /* ANCard.swift */; };
		4E5AC2112A2C99E100090ED5 /* EnvironmentValues+Extension.swift in Sources */ = {isa = PBXBuildFile; fileRef = 4E5AC2102A2C99E100090ED5 /* EnvironmentValues+Extension.swift */; };
		4E5AC2132A2C9A6600090ED5 /* View+Extension.swift in Sources */ = {isa = PBXBuildFile; fileRef = 4E5AC2122A2C9A6600090ED5 /* View+Extension.swift */; };
		4E5AC2152A2CF76E00090ED5 /* ANToolbar.swift in Sources */ = {isa = PBXBuildFile; fileRef = 4E5AC2142A2CF76E00090ED5 /* ANToolbar.swift */; };
		4E5AC2172A2D055900090ED5 /* DummyData.swift in Sources */ = {isa = PBXBuildFile; fileRef = 4E5AC2162A2D055900090ED5 /* DummyData.swift */; };
		4E816E772A27C6D500824D10 /* ANReminderCard.swift in Sources */ = {isa = PBXBuildFile; fileRef = 4E816E762A27C6D500824D10 /* ANReminderCard.swift */; };
		4EB9EAC52A29925400777B11 /* ANActivityDetails.swift in Sources */ = {isa = PBXBuildFile; fileRef = 4EB9EAC42A29925400777B11 /* ANActivityDetails.swift */; };
		4EB9EAC82A29973900777B11 /* CardStyles.swift in Sources */ = {isa = PBXBuildFile; fileRef = 4EB9EAC72A29973900777B11 /* CardStyles.swift */; };
		4EB9EACA2A29B7FD00777B11 /* ANActivitySelector.swift in Sources */ = {isa = PBXBuildFile; fileRef = 4EB9EAC92A29B7FD00777B11 /* ANActivitySelector.swift */; };
		4EEB02DD2A271E6C0093D088 /* Event+CoreDataClass.swift in Sources */ = {isa = PBXBuildFile; fileRef = 4EEB02D92A271E6C0093D088 /* Event+CoreDataClass.swift */; };
		4EEB02DE2A271E6C0093D088 /* Event+CoreDataProperties.swift in Sources */ = {isa = PBXBuildFile; fileRef = 4EEB02DA2A271E6C0093D088 /* Event+CoreDataProperties.swift */; };
		4EEB02DF2A271E6C0093D088 /* Routine+CoreDataClass.swift in Sources */ = {isa = PBXBuildFile; fileRef = 4EEB02DB2A271E6C0093D088 /* Routine+CoreDataClass.swift */; };
		4EEB02E02A271E6C0093D088 /* Routine+CoreDataProperties.swift in Sources */ = {isa = PBXBuildFile; fileRef = 4EEB02DC2A271E6C0093D088 /* Routine+CoreDataProperties.swift */; };
		4EEB02E22A274F260093D088 /* StatefulPreviewWrapper.swift in Sources */ = {isa = PBXBuildFile; fileRef = 4EEB02E12A274F260093D088 /* StatefulPreviewWrapper.swift */; };
		6131A4AF2A28F687007BF2F7 /* NotificationManager.swift in Sources */ = {isa = PBXBuildFile; fileRef = 6131A4AE2A28F687007BF2F7 /* NotificationManager.swift */; };
		6131A4B12A28FE54007BF2F7 /* RouteFinder.swift in Sources */ = {isa = PBXBuildFile; fileRef = 6131A4B02A28FE54007BF2F7 /* RouteFinder.swift */; };
		6131A4B32A293523007BF2F7 /* OnboardingView.swift in Sources */ = {isa = PBXBuildFile; fileRef = 6131A4B22A293523007BF2F7 /* OnboardingView.swift */; };
		6131A51E2A2C5521007BF2F7 /* FileManager+Extension.swift in Sources */ = {isa = PBXBuildFile; fileRef = 6131A51D2A2C5521007BF2F7 /* FileManager+Extension.swift */; };
		6131A5202A2C5541007BF2F7 /* ImagePickerManager.swift in Sources */ = {isa = PBXBuildFile; fileRef = 6131A51F2A2C5541007BF2F7 /* ImagePickerManager.swift */; };
		6131A5222A2CB8D9007BF2F7 /* ANSnackBar.swift in Sources */ = {isa = PBXBuildFile; fileRef = 6131A5212A2CB8D9007BF2F7 /* ANSnackBar.swift */; };
		6138BC532A28A5F30017BE63 /* Route.swift in Sources */ = {isa = PBXBuildFile; fileRef = 6138BC522A28A5F30017BE63 /* Route.swift */; };
		6138BC552A28A81F0017BE63 /* NavigationRouter.swift in Sources */ = {isa = PBXBuildFile; fileRef = 6138BC542A28A81F0017BE63 /* NavigationRouter.swift */; };
		61A98B582A24FEA000152C87 /* AntimoApp.swift in Sources */ = {isa = PBXBuildFile; fileRef = 61A98B572A24FEA000152C87 /* AntimoApp.swift */; };
		61A98B5A2A24FEA000152C87 /* ContentView.swift in Sources */ = {isa = PBXBuildFile; fileRef = 61A98B592A24FEA000152C87 /* ContentView.swift */; };
		61A98B5C2A24FEA000152C87 /* Assets.xcassets in Resources */ = {isa = PBXBuildFile; fileRef = 61A98B5B2A24FEA000152C87 /* Assets.xcassets */; };
		61A98B5F2A24FEA000152C87 /* Preview Assets.xcassets in Resources */ = {isa = PBXBuildFile; fileRef = 61A98B5E2A24FEA000152C87 /* Preview Assets.xcassets */; };
		61A98B612A24FEA000152C87 /* Persistence.swift in Sources */ = {isa = PBXBuildFile; fileRef = 61A98B602A24FEA000152C87 /* Persistence.swift */; };
		61A98B642A24FEA000152C87 /* Antimo.xcdatamodeld in Sources */ = {isa = PBXBuildFile; fileRef = 61A98B622A24FEA000152C87 /* Antimo.xcdatamodeld */; };
		61A98B742A25011900152C87 /* ANButton.swift in Sources */ = {isa = PBXBuildFile; fileRef = 61A98B732A25011900152C87 /* ANButton.swift */; };
		61A98B762A25016500152C87 /* DashboardView.swift in Sources */ = {isa = PBXBuildFile; fileRef = 61A98B752A25016500152C87 /* DashboardView.swift */; };
		61A98B782A25017100152C87 /* ReminderView.swift in Sources */ = {isa = PBXBuildFile; fileRef = 61A98B772A25017100152C87 /* ReminderView.swift */; };
		61A98B7B2A2501D100152C87 /* SummaryView.swift in Sources */ = {isa = PBXBuildFile; fileRef = 61A98B7A2A2501D100152C87 /* SummaryView.swift */; };
		61A98B7D2A2501E100152C87 /* ProfileView.swift in Sources */ = {isa = PBXBuildFile; fileRef = 61A98B7C2A2501E100152C87 /* ProfileView.swift */; };
		61A98B7F2A25024600152C87 /* ProfileViewModel.swift in Sources */ = {isa = PBXBuildFile; fileRef = 61A98B7E2A25024600152C87 /* ProfileViewModel.swift */; };
		61A98B812A25025800152C87 /* DashboardViewModel.swift in Sources */ = {isa = PBXBuildFile; fileRef = 61A98B802A25025800152C87 /* DashboardViewModel.swift */; };
		61A98B832A25026100152C87 /* ReminderViewModel.swift in Sources */ = {isa = PBXBuildFile; fileRef = 61A98B822A25026100152C87 /* ReminderViewModel.swift */; };
		61A98B852A25027500152C87 /* SummaryViewModel.swift in Sources */ = {isa = PBXBuildFile; fileRef = 61A98B842A25027500152C87 /* SummaryViewModel.swift */; };
		61A98B872A2502B000152C87 /* Font+Extension.swift in Sources */ = {isa = PBXBuildFile; fileRef = 61A98B862A2502B000152C87 /* Font+Extension.swift */; };
		61A98B892A2502BE00152C87 /* Color+Extension.swift in Sources */ = {isa = PBXBuildFile; fileRef = 61A98B882A2502BE00152C87 /* Color+Extension.swift */; };
		61A98B8C2A25063100152C87 /* Utilites.swift in Sources */ = {isa = PBXBuildFile; fileRef = 61A98B8B2A25063100152C87 /* Utilites.swift */; };
		61A98B8E2A26399700152C87 /* ANTabView.swift in Sources */ = {isa = PBXBuildFile; fileRef = 61A98B8D2A26399700152C87 /* ANTabView.swift */; };
		61A98B902A26E10E00152C87 /* ANTextField.swift in Sources */ = {isa = PBXBuildFile; fileRef = 61A98B8F2A26E10E00152C87 /* ANTextField.swift */; };
		61A98B922A26E45200152C87 /* ANTextFieldArea.swift in Sources */ = {isa = PBXBuildFile; fileRef = 61A98B912A26E45200152C87 /* ANTextFieldArea.swift */; };
/* End PBXBuildFile section */

/* Begin PBXFileReference section */
		4E2F5AAD2A277C9F0083610C /* ANMoodSelector.swift */ = {isa = PBXFileReference; lastKnownFileType = sourcecode.swift; path = ANMoodSelector.swift; sourceTree = "<group>"; };
		4E41F5BC2A26F0A1003C0A25 /* Activity+CoreDataClass.swift */ = {isa = PBXFileReference; lastKnownFileType = sourcecode.swift; path = "Activity+CoreDataClass.swift"; sourceTree = SOURCE_ROOT; };
		4E41F5BD2A26F0A1003C0A25 /* Activity+CoreDataProperties.swift */ = {isa = PBXFileReference; lastKnownFileType = sourcecode.swift; path = "Activity+CoreDataProperties.swift"; sourceTree = SOURCE_ROOT; };
		4E41F5BE2A26F0A1003C0A25 /* OtherActivity+CoreDataClass.swift */ = {isa = PBXFileReference; lastKnownFileType = sourcecode.swift; path = "OtherActivity+CoreDataClass.swift"; sourceTree = SOURCE_ROOT; };
		4E41F5BF2A26F0A1003C0A25 /* OtherActivity+CoreDataProperties.swift */ = {isa = PBXFileReference; lastKnownFileType = sourcecode.swift; path = "OtherActivity+CoreDataProperties.swift"; sourceTree = SOURCE_ROOT; };
		4E41F5C02A26F0A1003C0A25 /* Reminder+CoreDataClass.swift */ = {isa = PBXFileReference; lastKnownFileType = sourcecode.swift; path = "Reminder+CoreDataClass.swift"; sourceTree = SOURCE_ROOT; };
		4E41F5C12A26F0A1003C0A25 /* Reminder+CoreDataProperties.swift */ = {isa = PBXFileReference; lastKnownFileType = sourcecode.swift; path = "Reminder+CoreDataProperties.swift"; sourceTree = SOURCE_ROOT; };
		4E41F5C22A26F0A1003C0A25 /* Tag+CoreDataClass.swift */ = {isa = PBXFileReference; lastKnownFileType = sourcecode.swift; path = "Tag+CoreDataClass.swift"; sourceTree = SOURCE_ROOT; };
		4E41F5C32A26F0A1003C0A25 /* Tag+CoreDataProperties.swift */ = {isa = PBXFileReference; lastKnownFileType = sourcecode.swift; path = "Tag+CoreDataProperties.swift"; sourceTree = SOURCE_ROOT; };
		4E41F5C42A26F0A1003C0A25 /* ExerciseActivity+CoreDataClass.swift */ = {isa = PBXFileReference; lastKnownFileType = sourcecode.swift; path = "ExerciseActivity+CoreDataClass.swift"; sourceTree = SOURCE_ROOT; };
		4E41F5C52A26F0A1003C0A25 /* ExerciseActivity+CoreDataProperties.swift */ = {isa = PBXFileReference; lastKnownFileType = sourcecode.swift; path = "ExerciseActivity+CoreDataProperties.swift"; sourceTree = SOURCE_ROOT; };
		4E41F5C62A26F0A1003C0A25 /* NutritionActivity+CoreDataClass.swift */ = {isa = PBXFileReference; lastKnownFileType = sourcecode.swift; path = "NutritionActivity+CoreDataClass.swift"; sourceTree = SOURCE_ROOT; };
		4E41F5C72A26F0A1003C0A25 /* NutritionActivity+CoreDataProperties.swift */ = {isa = PBXFileReference; lastKnownFileType = sourcecode.swift; path = "NutritionActivity+CoreDataProperties.swift"; sourceTree = SOURCE_ROOT; };
		4E41F5C82A26F0A1003C0A25 /* GroomingActivity+CoreDataClass.swift */ = {isa = PBXFileReference; lastKnownFileType = sourcecode.swift; path = "GroomingActivity+CoreDataClass.swift"; sourceTree = SOURCE_ROOT; };
		4E41F5C92A26F0A1003C0A25 /* GroomingActivity+CoreDataProperties.swift */ = {isa = PBXFileReference; lastKnownFileType = sourcecode.swift; path = "GroomingActivity+CoreDataProperties.swift"; sourceTree = SOURCE_ROOT; };
		4E41F5CA2A26F0A1003C0A25 /* Weekday+CoreDataClass.swift */ = {isa = PBXFileReference; lastKnownFileType = sourcecode.swift; path = "Weekday+CoreDataClass.swift"; sourceTree = SOURCE_ROOT; };
		4E41F5CB2A26F0A1003C0A25 /* Weekday+CoreDataProperties.swift */ = {isa = PBXFileReference; lastKnownFileType = sourcecode.swift; path = "Weekday+CoreDataProperties.swift"; sourceTree = SOURCE_ROOT; };
		4E41F5CC2A26F0A1003C0A25 /* MedicationActivity+CoreDataClass.swift */ = {isa = PBXFileReference; lastKnownFileType = sourcecode.swift; path = "MedicationActivity+CoreDataClass.swift"; sourceTree = SOURCE_ROOT; };
		4E41F5CD2A26F0A1003C0A25 /* MedicationActivity+CoreDataProperties.swift */ = {isa = PBXFileReference; lastKnownFileType = sourcecode.swift; path = "MedicationActivity+CoreDataProperties.swift"; sourceTree = SOURCE_ROOT; };
		4E4ADAB62A2B57910069C167 /* ANTag.swift */ = {isa = PBXFileReference; lastKnownFileType = sourcecode.swift; path = ANTag.swift; sourceTree = "<group>"; };
		4E5AC20E2A2C8E0000090ED5 /* ANCard.swift */ = {isa = PBXFileReference; lastKnownFileType = sourcecode.swift; path = ANCard.swift; sourceTree = "<group>"; };
		4E5AC2102A2C99E100090ED5 /* EnvironmentValues+Extension.swift */ = {isa = PBXFileReference; lastKnownFileType = sourcecode.swift; path = "EnvironmentValues+Extension.swift"; sourceTree = "<group>"; };
		4E5AC2122A2C9A6600090ED5 /* View+Extension.swift */ = {isa = PBXFileReference; lastKnownFileType = sourcecode.swift; path = "View+Extension.swift"; sourceTree = "<group>"; };
		4E5AC2142A2CF76E00090ED5 /* ANToolbar.swift */ = {isa = PBXFileReference; lastKnownFileType = sourcecode.swift; path = ANToolbar.swift; sourceTree = "<group>"; };
		4E5AC2162A2D055900090ED5 /* DummyData.swift */ = {isa = PBXFileReference; lastKnownFileType = sourcecode.swift; path = DummyData.swift; sourceTree = "<group>"; };
		4E816E762A27C6D500824D10 /* ANReminderCard.swift */ = {isa = PBXFileReference; lastKnownFileType = sourcecode.swift; path = ANReminderCard.swift; sourceTree = "<group>"; };
		4EB9EAC42A29925400777B11 /* ANActivityDetails.swift */ = {isa = PBXFileReference; lastKnownFileType = sourcecode.swift; path = ANActivityDetails.swift; sourceTree = "<group>"; };
		4EB9EAC72A29973900777B11 /* CardStyles.swift */ = {isa = PBXFileReference; lastKnownFileType = sourcecode.swift; path = CardStyles.swift; sourceTree = "<group>"; };
		4EB9EAC92A29B7FD00777B11 /* ANActivitySelector.swift */ = {isa = PBXFileReference; lastKnownFileType = sourcecode.swift; path = ANActivitySelector.swift; sourceTree = "<group>"; };
		4EEB02D92A271E6C0093D088 /* Event+CoreDataClass.swift */ = {isa = PBXFileReference; lastKnownFileType = sourcecode.swift; path = "Event+CoreDataClass.swift"; sourceTree = SOURCE_ROOT; };
		4EEB02DA2A271E6C0093D088 /* Event+CoreDataProperties.swift */ = {isa = PBXFileReference; lastKnownFileType = sourcecode.swift; path = "Event+CoreDataProperties.swift"; sourceTree = SOURCE_ROOT; };
		4EEB02DB2A271E6C0093D088 /* Routine+CoreDataClass.swift */ = {isa = PBXFileReference; lastKnownFileType = sourcecode.swift; path = "Routine+CoreDataClass.swift"; sourceTree = SOURCE_ROOT; };
		4EEB02DC2A271E6C0093D088 /* Routine+CoreDataProperties.swift */ = {isa = PBXFileReference; lastKnownFileType = sourcecode.swift; path = "Routine+CoreDataProperties.swift"; sourceTree = SOURCE_ROOT; };
		4EEB02E12A274F260093D088 /* StatefulPreviewWrapper.swift */ = {isa = PBXFileReference; lastKnownFileType = sourcecode.swift; path = StatefulPreviewWrapper.swift; sourceTree = "<group>"; };
		6131A4AE2A28F687007BF2F7 /* NotificationManager.swift */ = {isa = PBXFileReference; lastKnownFileType = sourcecode.swift; path = NotificationManager.swift; sourceTree = "<group>"; };
		6131A4B02A28FE54007BF2F7 /* RouteFinder.swift */ = {isa = PBXFileReference; lastKnownFileType = sourcecode.swift; path = RouteFinder.swift; sourceTree = "<group>"; };
		6131A4B22A293523007BF2F7 /* OnboardingView.swift */ = {isa = PBXFileReference; lastKnownFileType = sourcecode.swift; path = OnboardingView.swift; sourceTree = "<group>"; };
		6131A51D2A2C5521007BF2F7 /* FileManager+Extension.swift */ = {isa = PBXFileReference; lastKnownFileType = sourcecode.swift; path = "FileManager+Extension.swift"; sourceTree = "<group>"; };
		6131A51F2A2C5541007BF2F7 /* ImagePickerManager.swift */ = {isa = PBXFileReference; lastKnownFileType = sourcecode.swift; path = ImagePickerManager.swift; sourceTree = "<group>"; };
		6131A5212A2CB8D9007BF2F7 /* ANSnackBar.swift */ = {isa = PBXFileReference; lastKnownFileType = sourcecode.swift; path = ANSnackBar.swift; sourceTree = "<group>"; };
		6138BC522A28A5F30017BE63 /* Route.swift */ = {isa = PBXFileReference; lastKnownFileType = sourcecode.swift; path = Route.swift; sourceTree = "<group>"; };
		6138BC542A28A81F0017BE63 /* NavigationRouter.swift */ = {isa = PBXFileReference; lastKnownFileType = sourcecode.swift; path = NavigationRouter.swift; sourceTree = "<group>"; };
		61A98B542A24FEA000152C87 /* Antimo.app */ = {isa = PBXFileReference; explicitFileType = wrapper.application; includeInIndex = 0; path = Antimo.app; sourceTree = BUILT_PRODUCTS_DIR; };
		61A98B572A24FEA000152C87 /* AntimoApp.swift */ = {isa = PBXFileReference; lastKnownFileType = sourcecode.swift; path = AntimoApp.swift; sourceTree = "<group>"; };
		61A98B592A24FEA000152C87 /* ContentView.swift */ = {isa = PBXFileReference; lastKnownFileType = sourcecode.swift; path = ContentView.swift; sourceTree = "<group>"; };
		61A98B5B2A24FEA000152C87 /* Assets.xcassets */ = {isa = PBXFileReference; lastKnownFileType = folder.assetcatalog; path = Assets.xcassets; sourceTree = "<group>"; };
		61A98B5E2A24FEA000152C87 /* Preview Assets.xcassets */ = {isa = PBXFileReference; lastKnownFileType = folder.assetcatalog; path = "Preview Assets.xcassets"; sourceTree = "<group>"; };
		61A98B602A24FEA000152C87 /* Persistence.swift */ = {isa = PBXFileReference; lastKnownFileType = sourcecode.swift; path = Persistence.swift; sourceTree = "<group>"; };
		61A98B632A24FEA000152C87 /* Antimo.xcdatamodel */ = {isa = PBXFileReference; lastKnownFileType = wrapper.xcdatamodel; path = Antimo.xcdatamodel; sourceTree = "<group>"; };
		61A98B732A25011900152C87 /* ANButton.swift */ = {isa = PBXFileReference; lastKnownFileType = sourcecode.swift; path = ANButton.swift; sourceTree = "<group>"; };
		61A98B752A25016500152C87 /* DashboardView.swift */ = {isa = PBXFileReference; lastKnownFileType = sourcecode.swift; path = DashboardView.swift; sourceTree = "<group>"; };
		61A98B772A25017100152C87 /* ReminderView.swift */ = {isa = PBXFileReference; lastKnownFileType = sourcecode.swift; path = ReminderView.swift; sourceTree = "<group>"; };
		61A98B7A2A2501D100152C87 /* SummaryView.swift */ = {isa = PBXFileReference; lastKnownFileType = sourcecode.swift; path = SummaryView.swift; sourceTree = "<group>"; };
		61A98B7C2A2501E100152C87 /* ProfileView.swift */ = {isa = PBXFileReference; lastKnownFileType = sourcecode.swift; path = ProfileView.swift; sourceTree = "<group>"; };
		61A98B7E2A25024600152C87 /* ProfileViewModel.swift */ = {isa = PBXFileReference; lastKnownFileType = sourcecode.swift; path = ProfileViewModel.swift; sourceTree = "<group>"; };
		61A98B802A25025800152C87 /* DashboardViewModel.swift */ = {isa = PBXFileReference; lastKnownFileType = sourcecode.swift; path = DashboardViewModel.swift; sourceTree = "<group>"; };
		61A98B822A25026100152C87 /* ReminderViewModel.swift */ = {isa = PBXFileReference; lastKnownFileType = sourcecode.swift; path = ReminderViewModel.swift; sourceTree = "<group>"; };
		61A98B842A25027500152C87 /* SummaryViewModel.swift */ = {isa = PBXFileReference; lastKnownFileType = sourcecode.swift; path = SummaryViewModel.swift; sourceTree = "<group>"; };
		61A98B862A2502B000152C87 /* Font+Extension.swift */ = {isa = PBXFileReference; lastKnownFileType = sourcecode.swift; path = "Font+Extension.swift"; sourceTree = "<group>"; };
		61A98B882A2502BE00152C87 /* Color+Extension.swift */ = {isa = PBXFileReference; lastKnownFileType = sourcecode.swift; path = "Color+Extension.swift"; sourceTree = "<group>"; };
		61A98B8B2A25063100152C87 /* Utilites.swift */ = {isa = PBXFileReference; lastKnownFileType = sourcecode.swift; path = Utilites.swift; sourceTree = "<group>"; };
		61A98B8D2A26399700152C87 /* ANTabView.swift */ = {isa = PBXFileReference; lastKnownFileType = sourcecode.swift; path = ANTabView.swift; sourceTree = "<group>"; };
		61A98B8F2A26E10E00152C87 /* ANTextField.swift */ = {isa = PBXFileReference; lastKnownFileType = sourcecode.swift; path = ANTextField.swift; sourceTree = "<group>"; };
		61A98B912A26E45200152C87 /* ANTextFieldArea.swift */ = {isa = PBXFileReference; lastKnownFileType = sourcecode.swift; path = ANTextFieldArea.swift; sourceTree = "<group>"; };
/* End PBXFileReference section */

/* Begin PBXFrameworksBuildPhase section */
		61A98B512A24FEA000152C87 /* Frameworks */ = {
			isa = PBXFrameworksBuildPhase;
			buildActionMask = 2147483647;
			files = (
			);
			runOnlyForDeploymentPostprocessing = 0;
		};
/* End PBXFrameworksBuildPhase section */

/* Begin PBXGroup section */
		4E41F5BB2A26F08F003C0A25 /* Models */ = {
			isa = PBXGroup;
			children = (
				4EEB02D92A271E6C0093D088 /* Event+CoreDataClass.swift */,
				4EEB02DA2A271E6C0093D088 /* Event+CoreDataProperties.swift */,
				4EEB02DB2A271E6C0093D088 /* Routine+CoreDataClass.swift */,
				4EEB02DC2A271E6C0093D088 /* Routine+CoreDataProperties.swift */,
				4E41F5BC2A26F0A1003C0A25 /* Activity+CoreDataClass.swift */,
				4E41F5BD2A26F0A1003C0A25 /* Activity+CoreDataProperties.swift */,
				4E41F5BE2A26F0A1003C0A25 /* OtherActivity+CoreDataClass.swift */,
				4E41F5BF2A26F0A1003C0A25 /* OtherActivity+CoreDataProperties.swift */,
				4E41F5C02A26F0A1003C0A25 /* Reminder+CoreDataClass.swift */,
				4E41F5C12A26F0A1003C0A25 /* Reminder+CoreDataProperties.swift */,
				4E41F5C22A26F0A1003C0A25 /* Tag+CoreDataClass.swift */,
				4E41F5C32A26F0A1003C0A25 /* Tag+CoreDataProperties.swift */,
				4E41F5C42A26F0A1003C0A25 /* ExerciseActivity+CoreDataClass.swift */,
				4E41F5C52A26F0A1003C0A25 /* ExerciseActivity+CoreDataProperties.swift */,
				4E41F5C62A26F0A1003C0A25 /* NutritionActivity+CoreDataClass.swift */,
				4E41F5C72A26F0A1003C0A25 /* NutritionActivity+CoreDataProperties.swift */,
				4E41F5C82A26F0A1003C0A25 /* GroomingActivity+CoreDataClass.swift */,
				4E41F5C92A26F0A1003C0A25 /* GroomingActivity+CoreDataProperties.swift */,
				4E41F5CA2A26F0A1003C0A25 /* Weekday+CoreDataClass.swift */,
				4E41F5CB2A26F0A1003C0A25 /* Weekday+CoreDataProperties.swift */,
				4E41F5CC2A26F0A1003C0A25 /* MedicationActivity+CoreDataClass.swift */,
				4E41F5CD2A26F0A1003C0A25 /* MedicationActivity+CoreDataProperties.swift */,
				4E5AC2162A2D055900090ED5 /* DummyData.swift */,
			);
			path = Models;
			sourceTree = "<group>";
		};
		4EB9EAC62A29970700777B11 /* Protocols */ = {
			isa = PBXGroup;
			children = (
				4EB9EAC72A29973900777B11 /* CardStyles.swift */,
			);
			path = Protocols;
			sourceTree = "<group>";
		};
		6138BC582A28B47E0017BE63 /* Routes */ = {
			isa = PBXGroup;
			children = (
				6138BC522A28A5F30017BE63 /* Route.swift */,
				6131A4B02A28FE54007BF2F7 /* RouteFinder.swift */,
				6138BC542A28A81F0017BE63 /* NavigationRouter.swift */,
			);
			path = Routes;
			sourceTree = "<group>";
		};
		61A98B4B2A24FEA000152C87 = {
			isa = PBXGroup;
			children = (
				61A98B562A24FEA000152C87 /* Antimo */,
				61A98B552A24FEA000152C87 /* Products */,
			);
			sourceTree = "<group>";
		};
		61A98B552A24FEA000152C87 /* Products */ = {
			isa = PBXGroup;
			children = (
				61A98B542A24FEA000152C87 /* Antimo.app */,
			);
			name = Products;
			sourceTree = "<group>";
		};
		61A98B562A24FEA000152C87 /* Antimo */ = {
			isa = PBXGroup;
			children = (
				4EB9EAC62A29970700777B11 /* Protocols */,
				4E41F5BB2A26F08F003C0A25 /* Models */,
				61A98B6F2A24FFDB00152C87 /* Utilities */,
				61A98B6E2A24FFC800152C87 /* Extensions */,
				61A98B6D2A24FFA900152C87 /* ViewModels */,
				61A98B6C2A24FF9F00152C87 /* Views */,
				61A98B6A2A24FF8300152C87 /* Components */,
				6138BC582A28B47E0017BE63 /* Routes */,
				61A98B572A24FEA000152C87 /* AntimoApp.swift */,
				6131A4AE2A28F687007BF2F7 /* NotificationManager.swift */,
				61A98B602A24FEA000152C87 /* Persistence.swift */,
				61A98B592A24FEA000152C87 /* ContentView.swift */,
				61A98B5B2A24FEA000152C87 /* Assets.xcassets */,
				61A98B622A24FEA000152C87 /* Antimo.xcdatamodeld */,
				61A98B5D2A24FEA000152C87 /* Preview Content */,
			);
			path = Antimo;
			sourceTree = "<group>";
		};
		61A98B5D2A24FEA000152C87 /* Preview Content */ = {
			isa = PBXGroup;
			children = (
				61A98B5E2A24FEA000152C87 /* Preview Assets.xcassets */,
			);
			path = "Preview Content";
			sourceTree = "<group>";
		};
		61A98B6A2A24FF8300152C87 /* Components */ = {
			isa = PBXGroup;
			children = (
				61A98B732A25011900152C87 /* ANButton.swift */,
				6131A5212A2CB8D9007BF2F7 /* ANSnackBar.swift */,
				61A98B8F2A26E10E00152C87 /* ANTextField.swift */,
				61A98B912A26E45200152C87 /* ANTextFieldArea.swift */,
				61A98B8D2A26399700152C87 /* ANTabView.swift */,
				4E2F5AAD2A277C9F0083610C /* ANMoodSelector.swift */,
				4E816E762A27C6D500824D10 /* ANReminderCard.swift */,
				4EB9EAC42A29925400777B11 /* ANActivityDetails.swift */,
				4EB9EAC92A29B7FD00777B11 /* ANActivitySelector.swift */,
				4E4ADAB62A2B57910069C167 /* ANTag.swift */,
				4E5AC20E2A2C8E0000090ED5 /* ANCard.swift */,
				4E5AC2142A2CF76E00090ED5 /* ANToolbar.swift */,
			);
			path = Components;
			sourceTree = "<group>";
		};
		61A98B6C2A24FF9F00152C87 /* Views */ = {
			isa = PBXGroup;
			children = (
				61A98B752A25016500152C87 /* DashboardView.swift */,
				61A98B772A25017100152C87 /* ReminderView.swift */,
				61A98B7C2A2501E100152C87 /* ProfileView.swift */,
				61A98B7A2A2501D100152C87 /* SummaryView.swift */,
				6131A4B22A293523007BF2F7 /* OnboardingView.swift */,
			);
			path = Views;
			sourceTree = "<group>";
		};
		61A98B6D2A24FFA900152C87 /* ViewModels */ = {
			isa = PBXGroup;
			children = (
				61A98B7E2A25024600152C87 /* ProfileViewModel.swift */,
				61A98B802A25025800152C87 /* DashboardViewModel.swift */,
				61A98B822A25026100152C87 /* ReminderViewModel.swift */,
				61A98B842A25027500152C87 /* SummaryViewModel.swift */,
			);
			path = ViewModels;
			sourceTree = "<group>";
		};
		61A98B6E2A24FFC800152C87 /* Extensions */ = {
			isa = PBXGroup;
			children = (
				61A98B862A2502B000152C87 /* Font+Extension.swift */,
				6131A51D2A2C5521007BF2F7 /* FileManager+Extension.swift */,
				61A98B882A2502BE00152C87 /* Color+Extension.swift */,
				4E5AC2102A2C99E100090ED5 /* EnvironmentValues+Extension.swift */,
				4E5AC2122A2C9A6600090ED5 /* View+Extension.swift */,
			);
			path = Extensions;
			sourceTree = "<group>";
		};
		61A98B6F2A24FFDB00152C87 /* Utilities */ = {
			isa = PBXGroup;
			children = (
				61A98B8B2A25063100152C87 /* Utilites.swift */,
				6131A51F2A2C5541007BF2F7 /* ImagePickerManager.swift */,
				4EEB02E12A274F260093D088 /* StatefulPreviewWrapper.swift */,
			);
			path = Utilities;
			sourceTree = "<group>";
		};
/* End PBXGroup section */

/* Begin PBXNativeTarget section */
		61A98B532A24FEA000152C87 /* Antimo */ = {
			isa = PBXNativeTarget;
			buildConfigurationList = 61A98B672A24FEA000152C87 /* Build configuration list for PBXNativeTarget "Antimo" */;
			buildPhases = (
				61A98B502A24FEA000152C87 /* Sources */,
				61A98B512A24FEA000152C87 /* Frameworks */,
				61A98B522A24FEA000152C87 /* Resources */,
			);
			buildRules = (
			);
			dependencies = (
			);
			name = Antimo;
			productName = Antimo;
			productReference = 61A98B542A24FEA000152C87 /* Antimo.app */;
			productType = "com.apple.product-type.application";
		};
/* End PBXNativeTarget section */

/* Begin PBXProject section */
		61A98B4C2A24FEA000152C87 /* Project object */ = {
			isa = PBXProject;
			attributes = {
				BuildIndependentTargetsInParallel = 1;
				LastSwiftUpdateCheck = 1430;
				LastUpgradeCheck = 1430;
				TargetAttributes = {
					61A98B532A24FEA000152C87 = {
						CreatedOnToolsVersion = 14.3;
					};
				};
			};
			buildConfigurationList = 61A98B4F2A24FEA000152C87 /* Build configuration list for PBXProject "Antimo" */;
			compatibilityVersion = "Xcode 14.0";
			developmentRegion = en;
			hasScannedForEncodings = 0;
			knownRegions = (
				en,
				Base,
			);
			mainGroup = 61A98B4B2A24FEA000152C87;
			productRefGroup = 61A98B552A24FEA000152C87 /* Products */;
			projectDirPath = "";
			projectRoot = "";
			targets = (
				61A98B532A24FEA000152C87 /* Antimo */,
			);
		};
/* End PBXProject section */

/* Begin PBXResourcesBuildPhase section */
		61A98B522A24FEA000152C87 /* Resources */ = {
			isa = PBXResourcesBuildPhase;
			buildActionMask = 2147483647;
			files = (
				61A98B5F2A24FEA000152C87 /* Preview Assets.xcassets in Resources */,
				61A98B5C2A24FEA000152C87 /* Assets.xcassets in Resources */,
			);
			runOnlyForDeploymentPostprocessing = 0;
		};
/* End PBXResourcesBuildPhase section */

/* Begin PBXSourcesBuildPhase section */
		61A98B502A24FEA000152C87 /* Sources */ = {
			isa = PBXSourcesBuildPhase;
			buildActionMask = 2147483647;
			files = (
				4E41F5DD2A26F0A1003C0A25 /* Weekday+CoreDataProperties.swift in Sources */,
				4E41F5DE2A26F0A1003C0A25 /* MedicationActivity+CoreDataClass.swift in Sources */,
				6131A4B12A28FE54007BF2F7 /* RouteFinder.swift in Sources */,
				6131A4B32A293523007BF2F7 /* OnboardingView.swift in Sources */,
				61A98B832A25026100152C87 /* ReminderViewModel.swift in Sources */,
				61A98B892A2502BE00152C87 /* Color+Extension.swift in Sources */,
				61A98B612A24FEA000152C87 /* Persistence.swift in Sources */,
				61A98B7D2A2501E100152C87 /* ProfileView.swift in Sources */,
				6131A4AF2A28F687007BF2F7 /* NotificationManager.swift in Sources */,
				4E816E772A27C6D500824D10 /* ANReminderCard.swift in Sources */,
				4EEB02DE2A271E6C0093D088 /* Event+CoreDataProperties.swift in Sources */,
				6131A51E2A2C5521007BF2F7 /* FileManager+Extension.swift in Sources */,
				4E5AC2152A2CF76E00090ED5 /* ANToolbar.swift in Sources */,
				4E41F5CE2A26F0A1003C0A25 /* Activity+CoreDataClass.swift in Sources */,
				4EEB02E22A274F260093D088 /* StatefulPreviewWrapper.swift in Sources */,
				4EB9EAC82A29973900777B11 /* CardStyles.swift in Sources */,
				61A98B762A25016500152C87 /* DashboardView.swift in Sources */,
				61A98B5A2A24FEA000152C87 /* ContentView.swift in Sources */,
				4E41F5D12A26F0A1003C0A25 /* OtherActivity+CoreDataProperties.swift in Sources */,
				4EB9EACA2A29B7FD00777B11 /* ANActivitySelector.swift in Sources */,
				61A98B902A26E10E00152C87 /* ANTextField.swift in Sources */,
				61A98B812A25025800152C87 /* DashboardViewModel.swift in Sources */,
				4E5AC2112A2C99E100090ED5 /* EnvironmentValues+Extension.swift in Sources */,
				4E41F5CF2A26F0A1003C0A25 /* Activity+CoreDataProperties.swift in Sources */,
				4E5AC20F2A2C8E0000090ED5 /* ANCard.swift in Sources */,
				4E41F5D72A26F0A1003C0A25 /* ExerciseActivity+CoreDataProperties.swift in Sources */,
				6131A5202A2C5541007BF2F7 /* ImagePickerManager.swift in Sources */,
				61A98B7F2A25024600152C87 /* ProfileViewModel.swift in Sources */,
				61A98B922A26E45200152C87 /* ANTextFieldArea.swift in Sources */,
				61A98B852A25027500152C87 /* SummaryViewModel.swift in Sources */,
				4E41F5DF2A26F0A1003C0A25 /* MedicationActivity+CoreDataProperties.swift in Sources */,
				61A98B8E2A26399700152C87 /* ANTabView.swift in Sources */,
				61A98B782A25017100152C87 /* ReminderView.swift in Sources */,
				4E41F5D42A26F0A1003C0A25 /* Tag+CoreDataClass.swift in Sources */,
				4E41F5D52A26F0A1003C0A25 /* Tag+CoreDataProperties.swift in Sources */,
				61A98B582A24FEA000152C87 /* AntimoApp.swift in Sources */,
				6138BC552A28A81F0017BE63 /* NavigationRouter.swift in Sources */,
				6131A5222A2CB8D9007BF2F7 /* ANSnackBar.swift in Sources */,
				4EEB02DF2A271E6C0093D088 /* Routine+CoreDataClass.swift in Sources */,
				4EEB02E02A271E6C0093D088 /* Routine+CoreDataProperties.swift in Sources */,
				61A98B7B2A2501D100152C87 /* SummaryView.swift in Sources */,
				4EEB02DD2A271E6C0093D088 /* Event+CoreDataClass.swift in Sources */,
				61A98B8C2A25063100152C87 /* Utilites.swift in Sources */,
				61A98B642A24FEA000152C87 /* Antimo.xcdatamodeld in Sources */,
				4E41F5D32A26F0A1003C0A25 /* Reminder+CoreDataProperties.swift in Sources */,
				4E41F5D82A26F0A1003C0A25 /* NutritionActivity+CoreDataClass.swift in Sources */,
				4EB9EAC52A29925400777B11 /* ANActivityDetails.swift in Sources */,
				4E41F5DA2A26F0A1003C0A25 /* GroomingActivity+CoreDataClass.swift in Sources */,
				61A98B872A2502B000152C87 /* Font+Extension.swift in Sources */,
				4E5AC2172A2D055900090ED5 /* DummyData.swift in Sources */,
				4E41F5DB2A26F0A1003C0A25 /* GroomingActivity+CoreDataProperties.swift in Sources */,
				4E41F5D22A26F0A1003C0A25 /* Reminder+CoreDataClass.swift in Sources */,
				4E2F5AAE2A277C9F0083610C /* ANMoodSelector.swift in Sources */,
				4E5AC2132A2C9A6600090ED5 /* View+Extension.swift in Sources */,
				4E41F5DC2A26F0A1003C0A25 /* Weekday+CoreDataClass.swift in Sources */,
				61A98B742A25011900152C87 /* ANButton.swift in Sources */,
				4E41F5D92A26F0A1003C0A25 /* NutritionActivity+CoreDataProperties.swift in Sources */,
				4E41F5D02A26F0A1003C0A25 /* OtherActivity+CoreDataClass.swift in Sources */,
				4E41F5D62A26F0A1003C0A25 /* ExerciseActivity+CoreDataClass.swift in Sources */,
				6138BC532A28A5F30017BE63 /* Route.swift in Sources */,
				4E4ADAB72A2B57910069C167 /* ANTag.swift in Sources */,
			);
			runOnlyForDeploymentPostprocessing = 0;
		};
/* End PBXSourcesBuildPhase section */

/* Begin XCBuildConfiguration section */
		61A98B652A24FEA000152C87 /* Debug */ = {
			isa = XCBuildConfiguration;
			buildSettings = {
				ALWAYS_SEARCH_USER_PATHS = NO;
				CLANG_ANALYZER_NONNULL = YES;
				CLANG_ANALYZER_NUMBER_OBJECT_CONVERSION = YES_AGGRESSIVE;
				CLANG_CXX_LANGUAGE_STANDARD = "gnu++20";
				CLANG_ENABLE_MODULES = YES;
				CLANG_ENABLE_OBJC_ARC = YES;
				CLANG_ENABLE_OBJC_WEAK = YES;
				CLANG_WARN_BLOCK_CAPTURE_AUTORELEASING = YES;
				CLANG_WARN_BOOL_CONVERSION = YES;
				CLANG_WARN_COMMA = YES;
				CLANG_WARN_CONSTANT_CONVERSION = YES;
				CLANG_WARN_DEPRECATED_OBJC_IMPLEMENTATIONS = YES;
				CLANG_WARN_DIRECT_OBJC_ISA_USAGE = YES_ERROR;
				CLANG_WARN_DOCUMENTATION_COMMENTS = YES;
				CLANG_WARN_EMPTY_BODY = YES;
				CLANG_WARN_ENUM_CONVERSION = YES;
				CLANG_WARN_INFINITE_RECURSION = YES;
				CLANG_WARN_INT_CONVERSION = YES;
				CLANG_WARN_NON_LITERAL_NULL_CONVERSION = YES;
				CLANG_WARN_OBJC_IMPLICIT_RETAIN_SELF = YES;
				CLANG_WARN_OBJC_LITERAL_CONVERSION = YES;
				CLANG_WARN_OBJC_ROOT_CLASS = YES_ERROR;
				CLANG_WARN_QUOTED_INCLUDE_IN_FRAMEWORK_HEADER = YES;
				CLANG_WARN_RANGE_LOOP_ANALYSIS = YES;
				CLANG_WARN_STRICT_PROTOTYPES = YES;
				CLANG_WARN_SUSPICIOUS_MOVE = YES;
				CLANG_WARN_UNGUARDED_AVAILABILITY = YES_AGGRESSIVE;
				CLANG_WARN_UNREACHABLE_CODE = YES;
				CLANG_WARN__DUPLICATE_METHOD_MATCH = YES;
				COPY_PHASE_STRIP = NO;
				DEBUG_INFORMATION_FORMAT = dwarf;
				ENABLE_STRICT_OBJC_MSGSEND = YES;
				ENABLE_TESTABILITY = YES;
				GCC_C_LANGUAGE_STANDARD = gnu11;
				GCC_DYNAMIC_NO_PIC = NO;
				GCC_NO_COMMON_BLOCKS = YES;
				GCC_OPTIMIZATION_LEVEL = 0;
				GCC_PREPROCESSOR_DEFINITIONS = (
					"DEBUG=1",
					"$(inherited)",
				);
				GCC_WARN_64_TO_32_BIT_CONVERSION = YES;
				GCC_WARN_ABOUT_RETURN_TYPE = YES_ERROR;
				GCC_WARN_UNDECLARED_SELECTOR = YES;
				GCC_WARN_UNINITIALIZED_AUTOS = YES_AGGRESSIVE;
				GCC_WARN_UNUSED_FUNCTION = YES;
				GCC_WARN_UNUSED_VARIABLE = YES;
				IPHONEOS_DEPLOYMENT_TARGET = 16.4;
				MTL_ENABLE_DEBUG_INFO = INCLUDE_SOURCE;
				MTL_FAST_MATH = YES;
				ONLY_ACTIVE_ARCH = YES;
				SDKROOT = iphoneos;
				SWIFT_ACTIVE_COMPILATION_CONDITIONS = DEBUG;
				SWIFT_OPTIMIZATION_LEVEL = "-Onone";
			};
			name = Debug;
		};
		61A98B662A24FEA000152C87 /* Release */ = {
			isa = XCBuildConfiguration;
			buildSettings = {
				ALWAYS_SEARCH_USER_PATHS = NO;
				CLANG_ANALYZER_NONNULL = YES;
				CLANG_ANALYZER_NUMBER_OBJECT_CONVERSION = YES_AGGRESSIVE;
				CLANG_CXX_LANGUAGE_STANDARD = "gnu++20";
				CLANG_ENABLE_MODULES = YES;
				CLANG_ENABLE_OBJC_ARC = YES;
				CLANG_ENABLE_OBJC_WEAK = YES;
				CLANG_WARN_BLOCK_CAPTURE_AUTORELEASING = YES;
				CLANG_WARN_BOOL_CONVERSION = YES;
				CLANG_WARN_COMMA = YES;
				CLANG_WARN_CONSTANT_CONVERSION = YES;
				CLANG_WARN_DEPRECATED_OBJC_IMPLEMENTATIONS = YES;
				CLANG_WARN_DIRECT_OBJC_ISA_USAGE = YES_ERROR;
				CLANG_WARN_DOCUMENTATION_COMMENTS = YES;
				CLANG_WARN_EMPTY_BODY = YES;
				CLANG_WARN_ENUM_CONVERSION = YES;
				CLANG_WARN_INFINITE_RECURSION = YES;
				CLANG_WARN_INT_CONVERSION = YES;
				CLANG_WARN_NON_LITERAL_NULL_CONVERSION = YES;
				CLANG_WARN_OBJC_IMPLICIT_RETAIN_SELF = YES;
				CLANG_WARN_OBJC_LITERAL_CONVERSION = YES;
				CLANG_WARN_OBJC_ROOT_CLASS = YES_ERROR;
				CLANG_WARN_QUOTED_INCLUDE_IN_FRAMEWORK_HEADER = YES;
				CLANG_WARN_RANGE_LOOP_ANALYSIS = YES;
				CLANG_WARN_STRICT_PROTOTYPES = YES;
				CLANG_WARN_SUSPICIOUS_MOVE = YES;
				CLANG_WARN_UNGUARDED_AVAILABILITY = YES_AGGRESSIVE;
				CLANG_WARN_UNREACHABLE_CODE = YES;
				CLANG_WARN__DUPLICATE_METHOD_MATCH = YES;
				COPY_PHASE_STRIP = NO;
				DEBUG_INFORMATION_FORMAT = "dwarf-with-dsym";
				ENABLE_NS_ASSERTIONS = NO;
				ENABLE_STRICT_OBJC_MSGSEND = YES;
				GCC_C_LANGUAGE_STANDARD = gnu11;
				GCC_NO_COMMON_BLOCKS = YES;
				GCC_WARN_64_TO_32_BIT_CONVERSION = YES;
				GCC_WARN_ABOUT_RETURN_TYPE = YES_ERROR;
				GCC_WARN_UNDECLARED_SELECTOR = YES;
				GCC_WARN_UNINITIALIZED_AUTOS = YES_AGGRESSIVE;
				GCC_WARN_UNUSED_FUNCTION = YES;
				GCC_WARN_UNUSED_VARIABLE = YES;
				IPHONEOS_DEPLOYMENT_TARGET = 16.4;
				MTL_ENABLE_DEBUG_INFO = NO;
				MTL_FAST_MATH = YES;
				SDKROOT = iphoneos;
				SWIFT_COMPILATION_MODE = wholemodule;
				SWIFT_OPTIMIZATION_LEVEL = "-O";
				VALIDATE_PRODUCT = YES;
			};
			name = Release;
		};
		61A98B682A24FEA000152C87 /* Debug */ = {
			isa = XCBuildConfiguration;
			buildSettings = {
				ASSETCATALOG_COMPILER_APPICON_NAME = AppIcon;
				ASSETCATALOG_COMPILER_GLOBAL_ACCENT_COLOR_NAME = AccentColor;
				CODE_SIGN_STYLE = Automatic;
				CURRENT_PROJECT_VERSION = 1;
				DEVELOPMENT_ASSET_PATHS = "\"Antimo/Preview Content\"";
				DEVELOPMENT_TEAM = 578BJN6MM7;
				ENABLE_PREVIEWS = YES;
				GENERATE_INFOPLIST_FILE = YES;
				INFOPLIST_KEY_UIApplicationSceneManifest_Generation = YES;
				INFOPLIST_KEY_UIApplicationSupportsIndirectInputEvents = YES;
				INFOPLIST_KEY_UILaunchScreen_Generation = YES;
				INFOPLIST_KEY_UISupportedInterfaceOrientations_iPad = "UIInterfaceOrientationPortrait UIInterfaceOrientationPortraitUpsideDown UIInterfaceOrientationLandscapeLeft UIInterfaceOrientationLandscapeRight";
				INFOPLIST_KEY_UISupportedInterfaceOrientations_iPhone = "UIInterfaceOrientationPortrait UIInterfaceOrientationLandscapeLeft UIInterfaceOrientationLandscapeRight";
				IPHONEOS_DEPLOYMENT_TARGET = 16.0;
				LD_RUNPATH_SEARCH_PATHS = (
					"$(inherited)",
					"@executable_path/Frameworks",
				);
				MARKETING_VERSION = 1.0;
				PRODUCT_BUNDLE_IDENTIFIER = "com.roli-bernanda.Antimo";
				PRODUCT_NAME = "$(TARGET_NAME)";
				SWIFT_EMIT_LOC_STRINGS = YES;
				SWIFT_VERSION = 5.0;
				TARGETED_DEVICE_FAMILY = "1,2";
			};
			name = Debug;
		};
		61A98B692A24FEA000152C87 /* Release */ = {
			isa = XCBuildConfiguration;
			buildSettings = {
				ASSETCATALOG_COMPILER_APPICON_NAME = AppIcon;
				ASSETCATALOG_COMPILER_GLOBAL_ACCENT_COLOR_NAME = AccentColor;
				CODE_SIGN_STYLE = Automatic;
				CURRENT_PROJECT_VERSION = 1;
				DEVELOPMENT_ASSET_PATHS = "\"Antimo/Preview Content\"";
				DEVELOPMENT_TEAM = 578BJN6MM7;
				ENABLE_PREVIEWS = YES;
				GENERATE_INFOPLIST_FILE = YES;
				INFOPLIST_KEY_UIApplicationSceneManifest_Generation = YES;
				INFOPLIST_KEY_UIApplicationSupportsIndirectInputEvents = YES;
				INFOPLIST_KEY_UILaunchScreen_Generation = YES;
				INFOPLIST_KEY_UISupportedInterfaceOrientations_iPad = "UIInterfaceOrientationPortrait UIInterfaceOrientationPortraitUpsideDown UIInterfaceOrientationLandscapeLeft UIInterfaceOrientationLandscapeRight";
				INFOPLIST_KEY_UISupportedInterfaceOrientations_iPhone = "UIInterfaceOrientationPortrait UIInterfaceOrientationLandscapeLeft UIInterfaceOrientationLandscapeRight";
				IPHONEOS_DEPLOYMENT_TARGET = 16.0;
				LD_RUNPATH_SEARCH_PATHS = (
					"$(inherited)",
					"@executable_path/Frameworks",
				);
				MARKETING_VERSION = 1.0;
				PRODUCT_BUNDLE_IDENTIFIER = "com.roli-bernanda.Antimo";
				PRODUCT_NAME = "$(TARGET_NAME)";
				SWIFT_EMIT_LOC_STRINGS = YES;
				SWIFT_VERSION = 5.0;
				TARGETED_DEVICE_FAMILY = "1,2";
			};
			name = Release;
		};
/* End XCBuildConfiguration section */

/* Begin XCConfigurationList section */
		61A98B4F2A24FEA000152C87 /* Build configuration list for PBXProject "Antimo" */ = {
			isa = XCConfigurationList;
			buildConfigurations = (
				61A98B652A24FEA000152C87 /* Debug */,
				61A98B662A24FEA000152C87 /* Release */,
			);
			defaultConfigurationIsVisible = 0;
			defaultConfigurationName = Release;
		};
		61A98B672A24FEA000152C87 /* Build configuration list for PBXNativeTarget "Antimo" */ = {
			isa = XCConfigurationList;
			buildConfigurations = (
				61A98B682A24FEA000152C87 /* Debug */,
				61A98B692A24FEA000152C87 /* Release */,
			);
			defaultConfigurationIsVisible = 0;
			defaultConfigurationName = Release;
		};
/* End XCConfigurationList section */

/* Begin XCVersionGroup section */
		61A98B622A24FEA000152C87 /* Antimo.xcdatamodeld */ = {
			isa = XCVersionGroup;
			children = (
				61A98B632A24FEA000152C87 /* Antimo.xcdatamodel */,
			);
			currentVersion = 61A98B632A24FEA000152C87 /* Antimo.xcdatamodel */;
			path = Antimo.xcdatamodeld;
			sourceTree = "<group>";
			versionGroupType = wrapper.xcdatamodel;
		};
/* End XCVersionGroup section */
	};
	rootObject = 61A98B4C2A24FEA000152C87 /* Project object */;
}
